
Microsoft Visual Studio Solution File, Format Version 12.00
# Visual Studio Version 17
VisualStudioVersion = 17.9.34728.123
MinimumVisualStudioVersion = 10.0.40219.1
Project("{FAE04EC0-301F-11D3-BF4B-00C04F79EFBC}") = "tpmodul12_1302220108", "tpmodul12_1302220108\tpmodul12_1302220108.csproj", "{B7E316DF-4B3F-41D0-BCC9-21EB57C54359}"
EndProject
Project("{FAE04EC0-301F-11D3-BF4B-00C04F79EFBC}") = "tpmodul12_1302220108Test", "tpmodul12_1302220108Test\tpmodul12_1302220108Test.csproj", "{DF0E84B9-65D5-42CB-8F41-2AC0F7E0D38A}"
EndProject
Global
	GlobalSection(SolutionConfigurationPlatforms) = preSolution
		Debug|Any CPU = Debug|Any CPU
		Release|Any CPU = Release|Any CPU
	EndGlobalSection
	GlobalSection(ProjectConfigurationPlatforms) = postSolution
		{B7E316DF-4B3F-41D0-BCC9-21EB57C54359}.Debug|Any CPU.ActiveCfg = Debug|Any CPU
		{B7E316DF-4B3F-41D0-BCC9-21EB57C54359}.Debug|Any CPU.Build.0 = Debug|Any CPU
		{B7E316DF-4B3F-41D0-BCC9-21EB57C54359}.Release|Any CPU.ActiveCfg = Release|Any CPU
		{B7E316DF-4B3F-41D0-BCC9-21EB57C54359}.Release|Any CPU.Build.0 = Release|Any CPU
		{DF0E84B9-65D5-42CB-8F41-2AC0F7E0D38A}.Debug|Any CPU.ActiveCfg = Debug|Any CPU
		{DF0E84B9-65D5-42CB-8F41-2AC0F7E0D38A}.Debug|Any CPU.Build.0 = Debug|Any CPU
		{DF0E84B9-65D5-42CB-8F41-2AC0F7E0D38A}.Release|Any CPU.ActiveCfg = Release|Any CPU
		{DF0E84B9-65D5-42CB-8F41-2AC0F7E0D38A}.Release|Any CPU.Build.0 = Release|Any CPU
	EndGlobalSection
	GlobalSection(SolutionProperties) = preSolution
		HideSolutionNode = FALSE
	EndGlobalSection
	GlobalSection(ExtensibilityGlobals) = postSolution
		SolutionGuid = {7AD81B2B-916C-451C-AC38-7E4DE4C07180}
	EndGlobalSection
EndGlobal
